
Microsoft Visual Studio Solution File, Format Version 12.00
# Visual Studio Version 16
VisualStudioVersion = 16.0.31129.286
MinimumVisualStudioVersion = 10.0.40219.1
Project("{D954291E-2A0B-460D-934E-DC6B0785DB48}") = "TestUno2.Shared", "TestUno2\TestUno2.Shared\TestUno2.Shared.shproj", "{6279C845-92F8-4333-AB99-3D213163593C}"
EndProject
Project("{2150E333-8FDC-42A3-9474-1A3956D46DE8}") = "Platforms", "Platforms", "{9B90CE0D-C455-4B20-A356-E5E3535FE27F}"
EndProject
Project("{FAE04EC0-301F-11D3-BF4B-00C04F79EFBC}") = "TestUno2.Droid", "TestUno2\TestUno2.Droid\TestUno2.Droid.csproj", "{70D1FFBA-1DDF-413D-90E2-F18ECAEDC272}"
EndProject
Project("{FAE04EC0-301F-11D3-BF4B-00C04F79EFBC}") = "TestUno2.iOS", "TestUno2\TestUno2.iOS\TestUno2.iOS.csproj", "{112FD5BF-3FC1-4242-9E12-B1A781AE5BA2}"
EndProject
Project("{FAE04EC0-301F-11D3-BF4B-00C04F79EFBC}") = "TestUno2.UWP", "TestUno2\TestUno2.UWP\TestUno2.UWP.csproj", "{B30733F0-FB09-4A16-B8E0-A531E0DBEDB5}"
EndProject
Project("{FAE04EC0-301F-11D3-BF4B-00C04F79EFBC}") = "TestUno2.Wasm", "TestUno2\TestUno2.Wasm\TestUno2.Wasm.csproj", "{A87954CF-F0E7-44A6-B956-2A12E2C5B722}"
EndProject
Project("{FAE04EC0-301F-11D3-BF4B-00C04F79EFBC}") = "TestUno2.macOS", "TestUno2\TestUno2.macOS\TestUno2.macOS.csproj", "{5DBD2773-404B-43B1-85EF-F7EC7AA71DCB}"
EndProject
Project("{FAE04EC0-301F-11D3-BF4B-00C04F79EFBC}") = "TestUno2.Skia.Wpf.Host", "TestUno2\TestUno2.Skia.Wpf.Host\TestUno2.Skia.Wpf.Host.csproj", "{9B7AEBDE-B59A-4D90-B33D-89ECEB82AE73}"
EndProject
Project("{FAE04EC0-301F-11D3-BF4B-00C04F79EFBC}") = "TestUno2.Skia.Wpf", "TestUno2\TestUno2.Skia.Wpf\TestUno2.Skia.Wpf.csproj", "{BD6EDBF0-04B2-40F2-B159-FB973AAF6B8B}"
EndProject
Project("{FAE04EC0-301F-11D3-BF4B-00C04F79EFBC}") = "TestUno2.Skia.Gtk", "TestUno2\TestUno2.Skia.Gtk\TestUno2.Skia.Gtk.csproj", "{B6A4348C-627F-48CA-A9A7-FE1BCABDAD20}"
EndProject
Project("{FAE04EC0-301F-11D3-BF4B-00C04F79EFBC}") = "TestUno2.Skia.Tizen", "TestUno2\TestUno2.Skia.Tizen\TestUno2.Skia.Tizen.csproj", "{85EFF74C-76F4-4214-B6A0-AEDE9B4204F2}"
EndProject
Global
	GlobalSection(SharedMSBuildProjectFiles) = preSolution
		TestUno2\TestUno2.Shared\TestUno2.Shared.projitems*{112fd5bf-3fc1-4242-9e12-b1a781ae5ba2}*SharedItemsImports = 4
		TestUno2\TestUno2.Shared\TestUno2.Shared.projitems*{5dbd2773-404b-43b1-85ef-f7ec7aa71dcb}*SharedItemsImports = 4
		TestUno2\TestUno2.Shared\TestUno2.Shared.projitems*{6279c845-92f8-4333-ab99-3d213163593c}*SharedItemsImports = 13
		TestUno2\TestUno2.Shared\TestUno2.Shared.projitems*{70d1ffba-1ddf-413d-90e2-f18ecaedc272}*SharedItemsImports = 4
		TestUno2\TestUno2.Shared\TestUno2.Shared.projitems*{85eff74c-76f4-4214-b6a0-aede9b4204f2}*SharedItemsImports = 5
		TestUno2\TestUno2.Shared\TestUno2.Shared.projitems*{a87954cf-f0e7-44a6-b956-2a12e2c5b722}*SharedItemsImports = 5
		TestUno2\TestUno2.Shared\TestUno2.Shared.projitems*{b30733f0-fb09-4a16-b8e0-a531e0dbedb5}*SharedItemsImports = 4
		TestUno2\TestUno2.Shared\TestUno2.Shared.projitems*{b6a4348c-627f-48ca-a9a7-fe1bcabdad20}*SharedItemsImports = 5
		TestUno2\TestUno2.Shared\TestUno2.Shared.projitems*{bd6edbf0-04b2-40f2-b159-fb973aaf6b8b}*SharedItemsImports = 5
	EndGlobalSection
	GlobalSection(SolutionConfigurationPlatforms) = preSolution
		Ad-Hoc|Any CPU = Ad-Hoc|Any CPU
		Ad-Hoc|ARM = Ad-Hoc|ARM
		Ad-Hoc|ARM64 = Ad-Hoc|ARM64
		Ad-Hoc|iPhone = Ad-Hoc|iPhone
		Ad-Hoc|iPhoneSimulator = Ad-Hoc|iPhoneSimulator
		Ad-Hoc|x64 = Ad-Hoc|x64
		Ad-Hoc|x86 = Ad-Hoc|x86
		AppStore|Any CPU = AppStore|Any CPU
		AppStore|ARM = AppStore|ARM
		AppStore|ARM64 = AppStore|ARM64
		AppStore|iPhone = AppStore|iPhone
		AppStore|iPhoneSimulator = AppStore|iPhoneSimulator
		AppStore|x64 = AppStore|x64
		AppStore|x86 = AppStore|x86
		Debug|Any CPU = Debug|Any CPU
		Debug|ARM = Debug|ARM
		Debug|ARM64 = Debug|ARM64
		Debug|iPhone = Debug|iPhone
		Debug|iPhoneSimulator = Debug|iPhoneSimulator
		Debug|x64 = Debug|x64
		Debug|x86 = Debug|x86
		Release|Any CPU = Release|Any CPU
		Release|ARM = Release|ARM
		Release|ARM64 = Release|ARM64
		Release|iPhone = Release|iPhone
		Release|iPhoneSimulator = Release|iPhoneSimulator
		Release|x64 = Release|x64
		Release|x86 = Release|x86
	EndGlobalSection
	GlobalSection(ProjectConfigurationPlatforms) = postSolution
		{70D1FFBA-1DDF-413D-90E2-F18ECAEDC272}.Ad-Hoc|Any CPU.ActiveCfg = Debug|Any CPU
		{70D1FFBA-1DDF-413D-90E2-F18ECAEDC272}.Ad-Hoc|Any CPU.Build.0 = Debug|Any CPU
		{70D1FFBA-1DDF-413D-90E2-F18ECAEDC272}.Ad-Hoc|Any CPU.Deploy.0 = Debug|Any CPU
		{70D1FFBA-1DDF-413D-90E2-F18ECAEDC272}.Ad-Hoc|ARM.ActiveCfg = Debug|Any CPU
		{70D1FFBA-1DDF-413D-90E2-F18ECAEDC272}.Ad-Hoc|ARM.Build.0 = Debug|Any CPU
		{70D1FFBA-1DDF-413D-90E2-F18ECAEDC272}.Ad-Hoc|ARM.Deploy.0 = Debug|Any CPU
		{70D1FFBA-1DDF-413D-90E2-F18ECAEDC272}.Ad-Hoc|ARM64.ActiveCfg = Debug|Any CPU
		{70D1FFBA-1DDF-413D-90E2-F18ECAEDC272}.Ad-Hoc|ARM64.Build.0 = Debug|Any CPU
		{70D1FFBA-1DDF-413D-90E2-F18ECAEDC272}.Ad-Hoc|ARM64.Deploy.0 = Debug|Any CPU
		{70D1FFBA-1DDF-413D-90E2-F18ECAEDC272}.Ad-Hoc|iPhone.ActiveCfg = Debug|Any CPU
		{70D1FFBA-1DDF-413D-90E2-F18ECAEDC272}.Ad-Hoc|iPhone.Build.0 = Debug|Any CPU
		{70D1FFBA-1DDF-413D-90E2-F18ECAEDC272}.Ad-Hoc|iPhone.Deploy.0 = Debug|Any CPU
		{70D1FFBA-1DDF-413D-90E2-F18ECAEDC272}.Ad-Hoc|iPhoneSimulator.ActiveCfg = Debug|Any CPU
		{70D1FFBA-1DDF-413D-90E2-F18ECAEDC272}.Ad-Hoc|iPhoneSimulator.Build.0 = Debug|Any CPU
		{70D1FFBA-1DDF-413D-90E2-F18ECAEDC272}.Ad-Hoc|iPhoneSimulator.Deploy.0 = Debug|Any CPU
		{70D1FFBA-1DDF-413D-90E2-F18ECAEDC272}.Ad-Hoc|x64.ActiveCfg = Debug|Any CPU
		{70D1FFBA-1DDF-413D-90E2-F18ECAEDC272}.Ad-Hoc|x64.Build.0 = Debug|Any CPU
		{70D1FFBA-1DDF-413D-90E2-F18ECAEDC272}.Ad-Hoc|x64.Deploy.0 = Debug|Any CPU
		{70D1FFBA-1DDF-413D-90E2-F18ECAEDC272}.Ad-Hoc|x86.ActiveCfg = Debug|Any CPU
		{70D1FFBA-1DDF-413D-90E2-F18ECAEDC272}.Ad-Hoc|x86.Build.0 = Debug|Any CPU
		{70D1FFBA-1DDF-413D-90E2-F18ECAEDC272}.Ad-Hoc|x86.Deploy.0 = Debug|Any CPU
		{70D1FFBA-1DDF-413D-90E2-F18ECAEDC272}.AppStore|Any CPU.ActiveCfg = Debug|Any CPU
		{70D1FFBA-1DDF-413D-90E2-F18ECAEDC272}.AppStore|Any CPU.Build.0 = Debug|Any CPU
		{70D1FFBA-1DDF-413D-90E2-F18ECAEDC272}.AppStore|Any CPU.Deploy.0 = Debug|Any CPU
		{70D1FFBA-1DDF-413D-90E2-F18ECAEDC272}.AppStore|ARM.ActiveCfg = Debug|Any CPU
		{70D1FFBA-1DDF-413D-90E2-F18ECAEDC272}.AppStore|ARM.Build.0 = Debug|Any CPU
		{70D1FFBA-1DDF-413D-90E2-F18ECAEDC272}.AppStore|ARM.Deploy.0 = Debug|Any CPU
		{70D1FFBA-1DDF-413D-90E2-F18ECAEDC272}.AppStore|ARM64.ActiveCfg = Debug|Any CPU
		{70D1FFBA-1DDF-413D-90E2-F18ECAEDC272}.AppStore|ARM64.Build.0 = Debug|Any CPU
		{70D1FFBA-1DDF-413D-90E2-F18ECAEDC272}.AppStore|ARM64.Deploy.0 = Debug|Any CPU
		{70D1FFBA-1DDF-413D-90E2-F18ECAEDC272}.AppStore|iPhone.ActiveCfg = Debug|Any CPU
		{70D1FFBA-1DDF-413D-90E2-F18ECAEDC272}.AppStore|iPhone.Build.0 = Debug|Any CPU
		{70D1FFBA-1DDF-413D-90E2-F18ECAEDC272}.AppStore|iPhone.Deploy.0 = Debug|Any CPU
		{70D1FFBA-1DDF-413D-90E2-F18ECAEDC272}.AppStore|iPhoneSimulator.ActiveCfg = Debug|Any CPU
		{70D1FFBA-1DDF-413D-90E2-F18ECAEDC272}.AppStore|iPhoneSimulator.Build.0 = Debug|Any CPU
		{70D1FFBA-1DDF-413D-90E2-F18ECAEDC272}.AppStore|iPhoneSimulator.Deploy.0 = Debug|Any CPU
		{70D1FFBA-1DDF-413D-90E2-F18ECAEDC272}.AppStore|x64.ActiveCfg = Debug|Any CPU
		{70D1FFBA-1DDF-413D-90E2-F18ECAEDC272}.AppStore|x64.Build.0 = Debug|Any CPU
		{70D1FFBA-1DDF-413D-90E2-F18ECAEDC272}.AppStore|x64.Deploy.0 = Debug|Any CPU
		{70D1FFBA-1DDF-413D-90E2-F18ECAEDC272}.AppStore|x86.ActiveCfg = Debug|Any CPU
		{70D1FFBA-1DDF-413D-90E2-F18ECAEDC272}.AppStore|x86.Build.0 = Debug|Any CPU
		{70D1FFBA-1DDF-413D-90E2-F18ECAEDC272}.AppStore|x86.Deploy.0 = Debug|Any CPU
		{70D1FFBA-1DDF-413D-90E2-F18ECAEDC272}.Debug|Any CPU.ActiveCfg = Debug|Any CPU
		{70D1FFBA-1DDF-413D-90E2-F18ECAEDC272}.Debug|Any CPU.Build.0 = Debug|Any CPU
		{70D1FFBA-1DDF-413D-90E2-F18ECAEDC272}.Debug|Any CPU.Deploy.0 = Debug|Any CPU
		{70D1FFBA-1DDF-413D-90E2-F18ECAEDC272}.Debug|ARM.ActiveCfg = Debug|Any CPU
		{70D1FFBA-1DDF-413D-90E2-F18ECAEDC272}.Debug|ARM.Build.0 = Debug|Any CPU
		{70D1FFBA-1DDF-413D-90E2-F18ECAEDC272}.Debug|ARM.Deploy.0 = Debug|Any CPU
		{70D1FFBA-1DDF-413D-90E2-F18ECAEDC272}.Debug|ARM64.ActiveCfg = Debug|Any CPU
		{70D1FFBA-1DDF-413D-90E2-F18ECAEDC272}.Debug|ARM64.Build.0 = Debug|Any CPU
		{70D1FFBA-1DDF-413D-90E2-F18ECAEDC272}.Debug|ARM64.Deploy.0 = Debug|Any CPU
		{70D1FFBA-1DDF-413D-90E2-F18ECAEDC272}.Debug|iPhone.ActiveCfg = Debug|Any CPU
		{70D1FFBA-1DDF-413D-90E2-F18ECAEDC272}.Debug|iPhone.Build.0 = Debug|Any CPU
		{70D1FFBA-1DDF-413D-90E2-F18ECAEDC272}.Debug|iPhone.Deploy.0 = Debug|Any CPU
		{70D1FFBA-1DDF-413D-90E2-F18ECAEDC272}.Debug|iPhoneSimulator.ActiveCfg = Debug|Any CPU
		{70D1FFBA-1DDF-413D-90E2-F18ECAEDC272}.Debug|iPhoneSimulator.Build.0 = Debug|Any CPU
		{70D1FFBA-1DDF-413D-90E2-F18ECAEDC272}.Debug|iPhoneSimulator.Deploy.0 = Debug|Any CPU
		{70D1FFBA-1DDF-413D-90E2-F18ECAEDC272}.Debug|x64.ActiveCfg = Debug|Any CPU
		{70D1FFBA-1DDF-413D-90E2-F18ECAEDC272}.Debug|x64.Build.0 = Debug|Any CPU
		{70D1FFBA-1DDF-413D-90E2-F18ECAEDC272}.Debug|x64.Deploy.0 = Debug|Any CPU
		{70D1FFBA-1DDF-413D-90E2-F18ECAEDC272}.Debug|x86.ActiveCfg = Debug|Any CPU
		{70D1FFBA-1DDF-413D-90E2-F18ECAEDC272}.Debug|x86.Build.0 = Debug|Any CPU
		{70D1FFBA-1DDF-413D-90E2-F18ECAEDC272}.Debug|x86.Deploy.0 = Debug|Any CPU
		{70D1FFBA-1DDF-413D-90E2-F18ECAEDC272}.Release|Any CPU.ActiveCfg = Release|Any CPU
		{70D1FFBA-1DDF-413D-90E2-F18ECAEDC272}.Release|Any CPU.Build.0 = Release|Any CPU
		{70D1FFBA-1DDF-413D-90E2-F18ECAEDC272}.Release|Any CPU.Deploy.0 = Release|Any CPU
		{70D1FFBA-1DDF-413D-90E2-F18ECAEDC272}.Release|ARM.ActiveCfg = Release|Any CPU
		{70D1FFBA-1DDF-413D-90E2-F18ECAEDC272}.Release|ARM.Build.0 = Release|Any CPU
		{70D1FFBA-1DDF-413D-90E2-F18ECAEDC272}.Release|ARM.Deploy.0 = Release|Any CPU
		{70D1FFBA-1DDF-413D-90E2-F18ECAEDC272}.Release|ARM64.ActiveCfg = Release|Any CPU
		{70D1FFBA-1DDF-413D-90E2-F18ECAEDC272}.Release|ARM64.Build.0 = Release|Any CPU
		{70D1FFBA-1DDF-413D-90E2-F18ECAEDC272}.Release|ARM64.Deploy.0 = Release|Any CPU
		{70D1FFBA-1DDF-413D-90E2-F18ECAEDC272}.Release|iPhone.ActiveCfg = Release|Any CPU
		{70D1FFBA-1DDF-413D-90E2-F18ECAEDC272}.Release|iPhone.Build.0 = Release|Any CPU
		{70D1FFBA-1DDF-413D-90E2-F18ECAEDC272}.Release|iPhone.Deploy.0 = Release|Any CPU
		{70D1FFBA-1DDF-413D-90E2-F18ECAEDC272}.Release|iPhoneSimulator.ActiveCfg = Release|Any CPU
		{70D1FFBA-1DDF-413D-90E2-F18ECAEDC272}.Release|iPhoneSimulator.Build.0 = Release|Any CPU
		{70D1FFBA-1DDF-413D-90E2-F18ECAEDC272}.Release|iPhoneSimulator.Deploy.0 = Release|Any CPU
		{70D1FFBA-1DDF-413D-90E2-F18ECAEDC272}.Release|x64.ActiveCfg = Release|Any CPU
		{70D1FFBA-1DDF-413D-90E2-F18ECAEDC272}.Release|x64.Build.0 = Release|Any CPU
		{70D1FFBA-1DDF-413D-90E2-F18ECAEDC272}.Release|x64.Deploy.0 = Release|Any CPU
		{70D1FFBA-1DDF-413D-90E2-F18ECAEDC272}.Release|x86.ActiveCfg = Release|Any CPU
		{70D1FFBA-1DDF-413D-90E2-F18ECAEDC272}.Release|x86.Build.0 = Release|Any CPU
		{70D1FFBA-1DDF-413D-90E2-F18ECAEDC272}.Release|x86.Deploy.0 = Release|Any CPU
		{112FD5BF-3FC1-4242-9E12-B1A781AE5BA2}.Ad-Hoc|Any CPU.ActiveCfg = Ad-Hoc|iPhoneSimulator
		{112FD5BF-3FC1-4242-9E12-B1A781AE5BA2}.Ad-Hoc|ARM.ActiveCfg = Ad-Hoc|iPhoneSimulator
		{112FD5BF-3FC1-4242-9E12-B1A781AE5BA2}.Ad-Hoc|ARM64.ActiveCfg = Ad-Hoc|iPhoneSimulator
		{112FD5BF-3FC1-4242-9E12-B1A781AE5BA2}.Ad-Hoc|iPhone.ActiveCfg = Ad-Hoc|iPhone
		{112FD5BF-3FC1-4242-9E12-B1A781AE5BA2}.Ad-Hoc|iPhone.Build.0 = Ad-Hoc|iPhone
		{112FD5BF-3FC1-4242-9E12-B1A781AE5BA2}.Ad-Hoc|iPhoneSimulator.ActiveCfg = Ad-Hoc|iPhoneSimulator
		{112FD5BF-3FC1-4242-9E12-B1A781AE5BA2}.Ad-Hoc|iPhoneSimulator.Build.0 = Ad-Hoc|iPhoneSimulator
		{112FD5BF-3FC1-4242-9E12-B1A781AE5BA2}.Ad-Hoc|x64.ActiveCfg = Ad-Hoc|iPhoneSimulator
		{112FD5BF-3FC1-4242-9E12-B1A781AE5BA2}.Ad-Hoc|x86.ActiveCfg = Ad-Hoc|iPhoneSimulator
		{112FD5BF-3FC1-4242-9E12-B1A781AE5BA2}.AppStore|Any CPU.ActiveCfg = AppStore|iPhoneSimulator
		{112FD5BF-3FC1-4242-9E12-B1A781AE5BA2}.AppStore|ARM.ActiveCfg = AppStore|iPhoneSimulator
		{112FD5BF-3FC1-4242-9E12-B1A781AE5BA2}.AppStore|ARM64.ActiveCfg = AppStore|iPhoneSimulator
		{112FD5BF-3FC1-4242-9E12-B1A781AE5BA2}.AppStore|iPhone.ActiveCfg = AppStore|iPhone
		{112FD5BF-3FC1-4242-9E12-B1A781AE5BA2}.AppStore|iPhone.Build.0 = AppStore|iPhone
		{112FD5BF-3FC1-4242-9E12-B1A781AE5BA2}.AppStore|iPhoneSimulator.ActiveCfg = AppStore|iPhoneSimulator
		{112FD5BF-3FC1-4242-9E12-B1A781AE5BA2}.AppStore|iPhoneSimulator.Build.0 = AppStore|iPhoneSimulator
		{112FD5BF-3FC1-4242-9E12-B1A781AE5BA2}.AppStore|x64.ActiveCfg = AppStore|iPhoneSimulator
		{112FD5BF-3FC1-4242-9E12-B1A781AE5BA2}.AppStore|x86.ActiveCfg = AppStore|iPhoneSimulator
		{112FD5BF-3FC1-4242-9E12-B1A781AE5BA2}.Debug|Any CPU.ActiveCfg = Debug|iPhoneSimulator
		{112FD5BF-3FC1-4242-9E12-B1A781AE5BA2}.Debug|ARM.ActiveCfg = Debug|iPhoneSimulator
		{112FD5BF-3FC1-4242-9E12-B1A781AE5BA2}.Debug|ARM64.ActiveCfg = Debug|iPhoneSimulator
		{112FD5BF-3FC1-4242-9E12-B1A781AE5BA2}.Debug|iPhone.ActiveCfg = Debug|iPhone
		{112FD5BF-3FC1-4242-9E12-B1A781AE5BA2}.Debug|iPhone.Build.0 = Debug|iPhone
		{112FD5BF-3FC1-4242-9E12-B1A781AE5BA2}.Debug|iPhoneSimulator.ActiveCfg = Debug|iPhoneSimulator
		{112FD5BF-3FC1-4242-9E12-B1A781AE5BA2}.Debug|iPhoneSimulator.Build.0 = Debug|iPhoneSimulator
		{112FD5BF-3FC1-4242-9E12-B1A781AE5BA2}.Debug|x64.ActiveCfg = Debug|iPhoneSimulator
		{112FD5BF-3FC1-4242-9E12-B1A781AE5BA2}.Debug|x86.ActiveCfg = Debug|iPhoneSimulator
		{112FD5BF-3FC1-4242-9E12-B1A781AE5BA2}.Release|Any CPU.ActiveCfg = Release|iPhoneSimulator
		{112FD5BF-3FC1-4242-9E12-B1A781AE5BA2}.Release|ARM.ActiveCfg = Release|iPhoneSimulator
		{112FD5BF-3FC1-4242-9E12-B1A781AE5BA2}.Release|ARM64.ActiveCfg = Release|iPhoneSimulator
		{112FD5BF-3FC1-4242-9E12-B1A781AE5BA2}.Release|iPhone.ActiveCfg = Release|iPhone
		{112FD5BF-3FC1-4242-9E12-B1A781AE5BA2}.Release|iPhone.Build.0 = Release|iPhone
		{112FD5BF-3FC1-4242-9E12-B1A781AE5BA2}.Release|iPhoneSimulator.ActiveCfg = Release|iPhoneSimulator
		{112FD5BF-3FC1-4242-9E12-B1A781AE5BA2}.Release|iPhoneSimulator.Build.0 = Release|iPhoneSimulator
		{112FD5BF-3FC1-4242-9E12-B1A781AE5BA2}.Release|x64.ActiveCfg = Release|iPhoneSimulator
		{112FD5BF-3FC1-4242-9E12-B1A781AE5BA2}.Release|x86.ActiveCfg = Release|iPhoneSimulator
		{B30733F0-FB09-4A16-B8E0-A531E0DBEDB5}.Ad-Hoc|Any CPU.ActiveCfg = Debug|x86
		{B30733F0-FB09-4A16-B8E0-A531E0DBEDB5}.Ad-Hoc|Any CPU.Build.0 = Debug|x86
		{B30733F0-FB09-4A16-B8E0-A531E0DBEDB5}.Ad-Hoc|Any CPU.Deploy.0 = Debug|x86
		{B30733F0-FB09-4A16-B8E0-A531E0DBEDB5}.Ad-Hoc|ARM.ActiveCfg = Debug|ARM
		{B30733F0-FB09-4A16-B8E0-A531E0DBEDB5}.Ad-Hoc|ARM.Build.0 = Debug|ARM
		{B30733F0-FB09-4A16-B8E0-A531E0DBEDB5}.Ad-Hoc|ARM.Deploy.0 = Debug|ARM
		{B30733F0-FB09-4A16-B8E0-A531E0DBEDB5}.Ad-Hoc|ARM64.ActiveCfg = Debug|ARM64
		{B30733F0-FB09-4A16-B8E0-A531E0DBEDB5}.Ad-Hoc|ARM64.Build.0 = Debug|ARM64
		{B30733F0-FB09-4A16-B8E0-A531E0DBEDB5}.Ad-Hoc|ARM64.Deploy.0 = Debug|ARM64
		{B30733F0-FB09-4A16-B8E0-A531E0DBEDB5}.Ad-Hoc|iPhone.ActiveCfg = Debug|x86
		{B30733F0-FB09-4A16-B8E0-A531E0DBEDB5}.Ad-Hoc|iPhone.Build.0 = Debug|x86
		{B30733F0-FB09-4A16-B8E0-A531E0DBEDB5}.Ad-Hoc|iPhone.Deploy.0 = Debug|x86
		{B30733F0-FB09-4A16-B8E0-A531E0DBEDB5}.Ad-Hoc|iPhoneSimulator.ActiveCfg = Debug|x86
		{B30733F0-FB09-4A16-B8E0-A531E0DBEDB5}.Ad-Hoc|iPhoneSimulator.Build.0 = Debug|x86
		{B30733F0-FB09-4A16-B8E0-A531E0DBEDB5}.Ad-Hoc|iPhoneSimulator.Deploy.0 = Debug|x86
		{B30733F0-FB09-4A16-B8E0-A531E0DBEDB5}.Ad-Hoc|x64.ActiveCfg = Debug|x64
		{B30733F0-FB09-4A16-B8E0-A531E0DBEDB5}.Ad-Hoc|x64.Build.0 = Debug|x64
		{B30733F0-FB09-4A16-B8E0-A531E0DBEDB5}.Ad-Hoc|x64.Deploy.0 = Debug|x64
		{B30733F0-FB09-4A16-B8E0-A531E0DBEDB5}.Ad-Hoc|x86.ActiveCfg = Debug|x86
		{B30733F0-FB09-4A16-B8E0-A531E0DBEDB5}.Ad-Hoc|x86.Build.0 = Debug|x86
		{B30733F0-FB09-4A16-B8E0-A531E0DBEDB5}.Ad-Hoc|x86.Deploy.0 = Debug|x86
		{B30733F0-FB09-4A16-B8E0-A531E0DBEDB5}.AppStore|Any CPU.ActiveCfg = Debug|x86
		{B30733F0-FB09-4A16-B8E0-A531E0DBEDB5}.AppStore|Any CPU.Build.0 = Debug|x86
		{B30733F0-FB09-4A16-B8E0-A531E0DBEDB5}.AppStore|Any CPU.Deploy.0 = Debug|x86
		{B30733F0-FB09-4A16-B8E0-A531E0DBEDB5}.AppStore|ARM.ActiveCfg = Debug|ARM
		{B30733F0-FB09-4A16-B8E0-A531E0DBEDB5}.AppStore|ARM.Build.0 = Debug|ARM
		{B30733F0-FB09-4A16-B8E0-A531E0DBEDB5}.AppStore|ARM.Deploy.0 = Debug|ARM
		{B30733F0-FB09-4A16-B8E0-A531E0DBEDB5}.AppStore|ARM64.ActiveCfg = Debug|ARM64
		{B30733F0-FB09-4A16-B8E0-A531E0DBEDB5}.AppStore|ARM64.Build.0 = Debug|ARM64
		{B30733F0-FB09-4A16-B8E0-A531E0DBEDB5}.AppStore|ARM64.Deploy.0 = Debug|ARM64
		{B30733F0-FB09-4A16-B8E0-A531E0DBEDB5}.AppStore|iPhone.ActiveCfg = Debug|x86
		{B30733F0-FB09-4A16-B8E0-A531E0DBEDB5}.AppStore|iPhone.Build.0 = Debug|x86
		{B30733F0-FB09-4A16-B8E0-A531E0DBEDB5}.AppStore|iPhone.Deploy.0 = Debug|x86
		{B30733F0-FB09-4A16-B8E0-A531E0DBEDB5}.AppStore|iPhoneSimulator.ActiveCfg = Debug|x86
		{B30733F0-FB09-4A16-B8E0-A531E0DBEDB5}.AppStore|iPhoneSimulator.Build.0 = Debug|x86
		{B30733F0-FB09-4A16-B8E0-A531E0DBEDB5}.AppStore|iPhoneSimulator.Deploy.0 = Debug|x86
		{B30733F0-FB09-4A16-B8E0-A531E0DBEDB5}.AppStore|x64.ActiveCfg = Debug|x64
		{B30733F0-FB09-4A16-B8E0-A531E0DBEDB5}.AppStore|x64.Build.0 = Debug|x64
		{B30733F0-FB09-4A16-B8E0-A531E0DBEDB5}.AppStore|x64.Deploy.0 = Debug|x64
		{B30733F0-FB09-4A16-B8E0-A531E0DBEDB5}.AppStore|x86.ActiveCfg = Debug|x86
		{B30733F0-FB09-4A16-B8E0-A531E0DBEDB5}.AppStore|x86.Build.0 = Debug|x86
		{B30733F0-FB09-4A16-B8E0-A531E0DBEDB5}.AppStore|x86.Deploy.0 = Debug|x86
		{B30733F0-FB09-4A16-B8E0-A531E0DBEDB5}.Debug|Any CPU.ActiveCfg = Debug|x86
		{B30733F0-FB09-4A16-B8E0-A531E0DBEDB5}.Debug|Any CPU.Build.0 = Debug|x86
		{B30733F0-FB09-4A16-B8E0-A531E0DBEDB5}.Debug|Any CPU.Deploy.0 = Debug|x86
		{B30733F0-FB09-4A16-B8E0-A531E0DBEDB5}.Debug|ARM.ActiveCfg = Debug|ARM
		{B30733F0-FB09-4A16-B8E0-A531E0DBEDB5}.Debug|ARM.Build.0 = Debug|ARM
		{B30733F0-FB09-4A16-B8E0-A531E0DBEDB5}.Debug|ARM.Deploy.0 = Debug|ARM
		{B30733F0-FB09-4A16-B8E0-A531E0DBEDB5}.Debug|ARM64.ActiveCfg = Debug|ARM64
		{B30733F0-FB09-4A16-B8E0-A531E0DBEDB5}.Debug|ARM64.Build.0 = Debug|ARM64
		{B30733F0-FB09-4A16-B8E0-A531E0DBEDB5}.Debug|ARM64.Deploy.0 = Debug|ARM64
		{B30733F0-FB09-4A16-B8E0-A531E0DBEDB5}.Debug|iPhone.ActiveCfg = Debug|x86
		{B30733F0-FB09-4A16-B8E0-A531E0DBEDB5}.Debug|iPhoneSimulator.ActiveCfg = Debug|x86
		{B30733F0-FB09-4A16-B8E0-A531E0DBEDB5}.Debug|x64.ActiveCfg = Debug|x64
		{B30733F0-FB09-4A16-B8E0-A531E0DBEDB5}.Debug|x64.Build.0 = Debug|x64
		{B30733F0-FB09-4A16-B8E0-A531E0DBEDB5}.Debug|x64.Deploy.0 = Debug|x64
		{B30733F0-FB09-4A16-B8E0-A531E0DBEDB5}.Debug|x86.ActiveCfg = Debug|x86
		{B30733F0-FB09-4A16-B8E0-A531E0DBEDB5}.Debug|x86.Build.0 = Debug|x86
		{B30733F0-FB09-4A16-B8E0-A531E0DBEDB5}.Debug|x86.Deploy.0 = Debug|x86
		{B30733F0-FB09-4A16-B8E0-A531E0DBEDB5}.Release|Any CPU.ActiveCfg = Release|x86
		{B30733F0-FB09-4A16-B8E0-A531E0DBEDB5}.Release|ARM.ActiveCfg = Release|ARM
		{B30733F0-FB09-4A16-B8E0-A531E0DBEDB5}.Release|ARM.Build.0 = Release|ARM
		{B30733F0-FB09-4A16-B8E0-A531E0DBEDB5}.Release|ARM.Deploy.0 = Release|ARM
		{B30733F0-FB09-4A16-B8E0-A531E0DBEDB5}.Release|ARM64.ActiveCfg = Release|ARM64
		{B30733F0-FB09-4A16-B8E0-A531E0DBEDB5}.Release|ARM64.Build.0 = Release|ARM64
		{B30733F0-FB09-4A16-B8E0-A531E0DBEDB5}.Release|ARM64.Deploy.0 = Release|ARM64
		{B30733F0-FB09-4A16-B8E0-A531E0DBEDB5}.Release|iPhone.ActiveCfg = Release|x86
		{B30733F0-FB09-4A16-B8E0-A531E0DBEDB5}.Release|iPhoneSimulator.ActiveCfg = Release|x86
		{B30733F0-FB09-4A16-B8E0-A531E0DBEDB5}.Release|x64.ActiveCfg = Release|x64
		{B30733F0-FB09-4A16-B8E0-A531E0DBEDB5}.Release|x64.Build.0 = Release|x64
		{B30733F0-FB09-4A16-B8E0-A531E0DBEDB5}.Release|x64.Deploy.0 = Release|x64
		{B30733F0-FB09-4A16-B8E0-A531E0DBEDB5}.Release|x86.ActiveCfg = Release|x86
		{B30733F0-FB09-4A16-B8E0-A531E0DBEDB5}.Release|x86.Build.0 = Release|x86
		{B30733F0-FB09-4A16-B8E0-A531E0DBEDB5}.Release|x86.Deploy.0 = Release|x86
		{A87954CF-F0E7-44A6-B956-2A12E2C5B722}.Ad-Hoc|Any CPU.ActiveCfg = Debug|Any CPU
		{A87954CF-F0E7-44A6-B956-2A12E2C5B722}.Ad-Hoc|Any CPU.Build.0 = Debug|Any CPU
		{A87954CF-F0E7-44A6-B956-2A12E2C5B722}.Ad-Hoc|ARM.ActiveCfg = Debug|Any CPU
		{A87954CF-F0E7-44A6-B956-2A12E2C5B722}.Ad-Hoc|ARM.Build.0 = Debug|Any CPU
		{A87954CF-F0E7-44A6-B956-2A12E2C5B722}.Ad-Hoc|ARM64.ActiveCfg = Debug|Any CPU
		{A87954CF-F0E7-44A6-B956-2A12E2C5B722}.Ad-Hoc|ARM64.Build.0 = Debug|Any CPU
		{A87954CF-F0E7-44A6-B956-2A12E2C5B722}.Ad-Hoc|iPhone.ActiveCfg = Debug|Any CPU
		{A87954CF-F0E7-44A6-B956-2A12E2C5B722}.Ad-Hoc|iPhone.Build.0 = Debug|Any CPU
		{A87954CF-F0E7-44A6-B956-2A12E2C5B722}.Ad-Hoc|iPhoneSimulator.ActiveCfg = Debug|Any CPU
		{A87954CF-F0E7-44A6-B956-2A12E2C5B722}.Ad-Hoc|iPhoneSimulator.Build.0 = Debug|Any CPU
		{A87954CF-F0E7-44A6-B956-2A12E2C5B722}.Ad-Hoc|x64.ActiveCfg = Debug|Any CPU
		{A87954CF-F0E7-44A6-B956-2A12E2C5B722}.Ad-Hoc|x64.Build.0 = Debug|Any CPU
		{A87954CF-F0E7-44A6-B956-2A12E2C5B722}.Ad-Hoc|x86.ActiveCfg = Debug|Any CPU
		{A87954CF-F0E7-44A6-B956-2A12E2C5B722}.Ad-Hoc|x86.Build.0 = Debug|Any CPU
		{A87954CF-F0E7-44A6-B956-2A12E2C5B722}.AppStore|Any CPU.ActiveCfg = Debug|Any CPU
		{A87954CF-F0E7-44A6-B956-2A12E2C5B722}.AppStore|Any CPU.Build.0 = Debug|Any CPU
		{A87954CF-F0E7-44A6-B956-2A12E2C5B722}.AppStore|ARM.ActiveCfg = Debug|Any CPU
		{A87954CF-F0E7-44A6-B956-2A12E2C5B722}.AppStore|ARM.Build.0 = Debug|Any CPU
		{A87954CF-F0E7-44A6-B956-2A12E2C5B722}.AppStore|ARM64.ActiveCfg = Debug|Any CPU
		{A87954CF-F0E7-44A6-B956-2A12E2C5B722}.AppStore|ARM64.Build.0 = Debug|Any CPU
		{A87954CF-F0E7-44A6-B956-2A12E2C5B722}.AppStore|iPhone.ActiveCfg = Debug|Any CPU
		{A87954CF-F0E7-44A6-B956-2A12E2C5B722}.AppStore|iPhone.Build.0 = Debug|Any CPU
		{A87954CF-F0E7-44A6-B956-2A12E2C5B722}.AppStore|iPhoneSimulator.ActiveCfg = Debug|Any CPU
		{A87954CF-F0E7-44A6-B956-2A12E2C5B722}.AppStore|iPhoneSimulator.Build.0 = Debug|Any CPU
		{A87954CF-F0E7-44A6-B956-2A12E2C5B722}.AppStore|x64.ActiveCfg = Debug|Any CPU
		{A87954CF-F0E7-44A6-B956-2A12E2C5B722}.AppStore|x64.Build.0 = Debug|Any CPU
		{A87954CF-F0E7-44A6-B956-2A12E2C5B722}.AppStore|x86.ActiveCfg = Debug|Any CPU
		{A87954CF-F0E7-44A6-B956-2A12E2C5B722}.AppStore|x86.Build.0 = Debug|Any CPU
		{A87954CF-F0E7-44A6-B956-2A12E2C5B722}.Debug|Any CPU.ActiveCfg = Debug|Any CPU
		{A87954CF-F0E7-44A6-B956-2A12E2C5B722}.Debug|Any CPU.Build.0 = Debug|Any CPU
		{A87954CF-F0E7-44A6-B956-2A12E2C5B722}.Debug|ARM.ActiveCfg = Debug|Any CPU
		{A87954CF-F0E7-44A6-B956-2A12E2C5B722}.Debug|ARM.Build.0 = Debug|Any CPU
		{A87954CF-F0E7-44A6-B956-2A12E2C5B722}.Debug|ARM64.ActiveCfg = Debug|Any CPU
		{A87954CF-F0E7-44A6-B956-2A12E2C5B722}.Debug|ARM64.Build.0 = Debug|Any CPU
		{A87954CF-F0E7-44A6-B956-2A12E2C5B722}.Debug|iPhone.ActiveCfg = Debug|Any CPU
		{A87954CF-F0E7-44A6-B956-2A12E2C5B722}.Debug|iPhone.Build.0 = Debug|Any CPU
		{A87954CF-F0E7-44A6-B956-2A12E2C5B722}.Debug|iPhoneSimulator.ActiveCfg = Debug|Any CPU
		{A87954CF-F0E7-44A6-B956-2A12E2C5B722}.Debug|iPhoneSimulator.Build.0 = Debug|Any CPU
		{A87954CF-F0E7-44A6-B956-2A12E2C5B722}.Debug|x64.ActiveCfg = Debug|Any CPU
		{A87954CF-F0E7-44A6-B956-2A12E2C5B722}.Debug|x64.Build.0 = Debug|Any CPU
		{A87954CF-F0E7-44A6-B956-2A12E2C5B722}.Debug|x86.ActiveCfg = Debug|Any CPU
		{A87954CF-F0E7-44A6-B956-2A12E2C5B722}.Debug|x86.Build.0 = Debug|Any CPU
		{A87954CF-F0E7-44A6-B956-2A12E2C5B722}.Release|Any CPU.ActiveCfg = Release|Any CPU
		{A87954CF-F0E7-44A6-B956-2A12E2C5B722}.Release|Any CPU.Build.0 = Release|Any CPU
		{A87954CF-F0E7-44A6-B956-2A12E2C5B722}.Release|ARM.ActiveCfg = Release|Any CPU
		{A87954CF-F0E7-44A6-B956-2A12E2C5B722}.Release|ARM.Build.0 = Release|Any CPU
		{A87954CF-F0E7-44A6-B956-2A12E2C5B722}.Release|ARM64.ActiveCfg = Release|Any CPU
		{A87954CF-F0E7-44A6-B956-2A12E2C5B722}.Release|ARM64.Build.0 = Release|Any CPU
		{A87954CF-F0E7-44A6-B956-2A12E2C5B722}.Release|iPhone.ActiveCfg = Release|Any CPU
		{A87954CF-F0E7-44A6-B956-2A12E2C5B722}.Release|iPhone.Build.0 = Release|Any CPU
		{A87954CF-F0E7-44A6-B956-2A12E2C5B722}.Release|iPhoneSimulator.ActiveCfg = Release|Any CPU
		{A87954CF-F0E7-44A6-B956-2A12E2C5B722}.Release|iPhoneSimulator.Build.0 = Release|Any CPU
		{A87954CF-F0E7-44A6-B956-2A12E2C5B722}.Release|x64.ActiveCfg = Release|Any CPU
		{A87954CF-F0E7-44A6-B956-2A12E2C5B722}.Release|x64.Build.0 = Release|Any CPU
		{A87954CF-F0E7-44A6-B956-2A12E2C5B722}.Release|x86.ActiveCfg = Release|Any CPU
		{A87954CF-F0E7-44A6-B956-2A12E2C5B722}.Release|x86.Build.0 = Release|Any CPU
		{5DBD2773-404B-43B1-85EF-F7EC7AA71DCB}.Ad-Hoc|Any CPU.ActiveCfg = Debug|iPhoneSimulator
		{5DBD2773-404B-43B1-85EF-F7EC7AA71DCB}.Ad-Hoc|Any CPU.Build.0 = Debug|iPhoneSimulator
		{5DBD2773-404B-43B1-85EF-F7EC7AA71DCB}.Ad-Hoc|ARM.ActiveCfg = Debug|iPhoneSimulator
		{5DBD2773-404B-43B1-85EF-F7EC7AA71DCB}.Ad-Hoc|ARM.Build.0 = Debug|iPhoneSimulator
		{5DBD2773-404B-43B1-85EF-F7EC7AA71DCB}.Ad-Hoc|ARM64.ActiveCfg = Debug|iPhoneSimulator
		{5DBD2773-404B-43B1-85EF-F7EC7AA71DCB}.Ad-Hoc|ARM64.Build.0 = Debug|iPhoneSimulator
		{5DBD2773-404B-43B1-85EF-F7EC7AA71DCB}.Ad-Hoc|iPhone.ActiveCfg = Debug|iPhoneSimulator
		{5DBD2773-404B-43B1-85EF-F7EC7AA71DCB}.Ad-Hoc|iPhone.Build.0 = Debug|iPhoneSimulator
		{5DBD2773-404B-43B1-85EF-F7EC7AA71DCB}.Ad-Hoc|iPhoneSimulator.ActiveCfg = Debug|iPhoneSimulator
		{5DBD2773-404B-43B1-85EF-F7EC7AA71DCB}.Ad-Hoc|iPhoneSimulator.Build.0 = Debug|iPhoneSimulator
		{5DBD2773-404B-43B1-85EF-F7EC7AA71DCB}.Ad-Hoc|x64.ActiveCfg = Debug|iPhoneSimulator
		{5DBD2773-404B-43B1-85EF-F7EC7AA71DCB}.Ad-Hoc|x64.Build.0 = Debug|iPhoneSimulator
		{5DBD2773-404B-43B1-85EF-F7EC7AA71DCB}.Ad-Hoc|x86.ActiveCfg = Debug|iPhoneSimulator
		{5DBD2773-404B-43B1-85EF-F7EC7AA71DCB}.Ad-Hoc|x86.Build.0 = Debug|iPhoneSimulator
		{5DBD2773-404B-43B1-85EF-F7EC7AA71DCB}.AppStore|Any CPU.ActiveCfg = Debug|iPhoneSimulator
		{5DBD2773-404B-43B1-85EF-F7EC7AA71DCB}.AppStore|Any CPU.Build.0 = Debug|iPhoneSimulator
		{5DBD2773-404B-43B1-85EF-F7EC7AA71DCB}.AppStore|ARM.ActiveCfg = Debug|iPhoneSimulator
		{5DBD2773-404B-43B1-85EF-F7EC7AA71DCB}.AppStore|ARM.Build.0 = Debug|iPhoneSimulator
		{5DBD2773-404B-43B1-85EF-F7EC7AA71DCB}.AppStore|ARM64.ActiveCfg = Debug|iPhoneSimulator
		{5DBD2773-404B-43B1-85EF-F7EC7AA71DCB}.AppStore|ARM64.Build.0 = Debug|iPhoneSimulator
		{5DBD2773-404B-43B1-85EF-F7EC7AA71DCB}.AppStore|iPhone.ActiveCfg = Debug|iPhoneSimulator
		{5DBD2773-404B-43B1-85EF-F7EC7AA71DCB}.AppStore|iPhone.Build.0 = Debug|iPhoneSimulator
		{5DBD2773-404B-43B1-85EF-F7EC7AA71DCB}.AppStore|iPhoneSimulator.ActiveCfg = Debug|iPhoneSimulator
		{5DBD2773-404B-43B1-85EF-F7EC7AA71DCB}.AppStore|iPhoneSimulator.Build.0 = Debug|iPhoneSimulator
		{5DBD2773-404B-43B1-85EF-F7EC7AA71DCB}.AppStore|x64.ActiveCfg = Debug|iPhoneSimulator
		{5DBD2773-404B-43B1-85EF-F7EC7AA71DCB}.AppStore|x64.Build.0 = Debug|iPhoneSimulator
		{5DBD2773-404B-43B1-85EF-F7EC7AA71DCB}.AppStore|x86.ActiveCfg = Debug|iPhoneSimulator
		{5DBD2773-404B-43B1-85EF-F7EC7AA71DCB}.AppStore|x86.Build.0 = Debug|iPhoneSimulator
		{5DBD2773-404B-43B1-85EF-F7EC7AA71DCB}.Debug|Any CPU.ActiveCfg = Debug|iPhoneSimulator
		{5DBD2773-404B-43B1-85EF-F7EC7AA71DCB}.Debug|ARM.ActiveCfg = Debug|iPhoneSimulator
		{5DBD2773-404B-43B1-85EF-F7EC7AA71DCB}.Debug|ARM64.ActiveCfg = Debug|iPhoneSimulator
		{5DBD2773-404B-43B1-85EF-F7EC7AA71DCB}.Debug|iPhone.ActiveCfg = Debug|iPhoneSimulator
		{5DBD2773-404B-43B1-85EF-F7EC7AA71DCB}.Debug|iPhoneSimulator.ActiveCfg = Debug|iPhoneSimulator
		{5DBD2773-404B-43B1-85EF-F7EC7AA71DCB}.Debug|iPhoneSimulator.Build.0 = Debug|iPhoneSimulator
		{5DBD2773-404B-43B1-85EF-F7EC7AA71DCB}.Debug|x64.ActiveCfg = Debug|iPhoneSimulator
		{5DBD2773-404B-43B1-85EF-F7EC7AA71DCB}.Debug|x86.ActiveCfg = Debug|iPhoneSimulator
		{5DBD2773-404B-43B1-85EF-F7EC7AA71DCB}.Release|Any CPU.ActiveCfg = Release|iPhoneSimulator
		{5DBD2773-404B-43B1-85EF-F7EC7AA71DCB}.Release|ARM.ActiveCfg = Release|iPhoneSimulator
		{5DBD2773-404B-43B1-85EF-F7EC7AA71DCB}.Release|ARM64.ActiveCfg = Release|iPhoneSimulator
		{5DBD2773-404B-43B1-85EF-F7EC7AA71DCB}.Release|iPhone.ActiveCfg = Release|iPhoneSimulator
		{5DBD2773-404B-43B1-85EF-F7EC7AA71DCB}.Release|iPhoneSimulator.ActiveCfg = Release|iPhoneSimulator
		{5DBD2773-404B-43B1-85EF-F7EC7AA71DCB}.Release|iPhoneSimulator.Build.0 = Release|iPhoneSimulator
		{5DBD2773-404B-43B1-85EF-F7EC7AA71DCB}.Release|x64.ActiveCfg = Release|iPhoneSimulator
		{5DBD2773-404B-43B1-85EF-F7EC7AA71DCB}.Release|x86.ActiveCfg = Release|iPhoneSimulator
		{9B7AEBDE-B59A-4D90-B33D-89ECEB82AE73}.Ad-Hoc|Any CPU.ActiveCfg = Debug|Any CPU
		{9B7AEBDE-B59A-4D90-B33D-89ECEB82AE73}.Ad-Hoc|Any CPU.Build.0 = Debug|Any CPU
		{9B7AEBDE-B59A-4D90-B33D-89ECEB82AE73}.Ad-Hoc|ARM.ActiveCfg = Debug|Any CPU
		{9B7AEBDE-B59A-4D90-B33D-89ECEB82AE73}.Ad-Hoc|ARM.Build.0 = Debug|Any CPU
		{9B7AEBDE-B59A-4D90-B33D-89ECEB82AE73}.Ad-Hoc|ARM64.ActiveCfg = Debug|Any CPU
		{9B7AEBDE-B59A-4D90-B33D-89ECEB82AE73}.Ad-Hoc|ARM64.Build.0 = Debug|Any CPU
		{9B7AEBDE-B59A-4D90-B33D-89ECEB82AE73}.Ad-Hoc|iPhone.ActiveCfg = Debug|Any CPU
		{9B7AEBDE-B59A-4D90-B33D-89ECEB82AE73}.Ad-Hoc|iPhone.Build.0 = Debug|Any CPU
		{9B7AEBDE-B59A-4D90-B33D-89ECEB82AE73}.Ad-Hoc|iPhoneSimulator.ActiveCfg = Debug|Any CPU
		{9B7AEBDE-B59A-4D90-B33D-89ECEB82AE73}.Ad-Hoc|iPhoneSimulator.Build.0 = Debug|Any CPU
		{9B7AEBDE-B59A-4D90-B33D-89ECEB82AE73}.Ad-Hoc|x64.ActiveCfg = Debug|Any CPU
		{9B7AEBDE-B59A-4D90-B33D-89ECEB82AE73}.Ad-Hoc|x64.Build.0 = Debug|Any CPU
		{9B7AEBDE-B59A-4D90-B33D-89ECEB82AE73}.Ad-Hoc|x86.ActiveCfg = Debug|Any CPU
		{9B7AEBDE-B59A-4D90-B33D-89ECEB82AE73}.Ad-Hoc|x86.Build.0 = Debug|Any CPU
		{9B7AEBDE-B59A-4D90-B33D-89ECEB82AE73}.AppStore|Any CPU.ActiveCfg = Debug|Any CPU
		{9B7AEBDE-B59A-4D90-B33D-89ECEB82AE73}.AppStore|Any CPU.Build.0 = Debug|Any CPU
		{9B7AEBDE-B59A-4D90-B33D-89ECEB82AE73}.AppStore|ARM.ActiveCfg = Debug|Any CPU
		{9B7AEBDE-B59A-4D90-B33D-89ECEB82AE73}.AppStore|ARM.Build.0 = Debug|Any CPU
		{9B7AEBDE-B59A-4D90-B33D-89ECEB82AE73}.AppStore|ARM64.ActiveCfg = Debug|Any CPU
		{9B7AEBDE-B59A-4D90-B33D-89ECEB82AE73}.AppStore|ARM64.Build.0 = Debug|Any CPU
		{9B7AEBDE-B59A-4D90-B33D-89ECEB82AE73}.AppStore|iPhone.ActiveCfg = Debug|Any CPU
		{9B7AEBDE-B59A-4D90-B33D-89ECEB82AE73}.AppStore|iPhone.Build.0 = Debug|Any CPU
		{9B7AEBDE-B59A-4D90-B33D-89ECEB82AE73}.AppStore|iPhoneSimulator.ActiveCfg = Debug|Any CPU
		{9B7AEBDE-B59A-4D90-B33D-89ECEB82AE73}.AppStore|iPhoneSimulator.Build.0 = Debug|Any CPU
		{9B7AEBDE-B59A-4D90-B33D-89ECEB82AE73}.AppStore|x64.ActiveCfg = Debug|Any CPU
		{9B7AEBDE-B59A-4D90-B33D-89ECEB82AE73}.AppStore|x64.Build.0 = Debug|Any CPU
		{9B7AEBDE-B59A-4D90-B33D-89ECEB82AE73}.AppStore|x86.ActiveCfg = Debug|Any CPU
		{9B7AEBDE-B59A-4D90-B33D-89ECEB82AE73}.AppStore|x86.Build.0 = Debug|Any CPU
		{9B7AEBDE-B59A-4D90-B33D-89ECEB82AE73}.Debug|Any CPU.ActiveCfg = Debug|Any CPU
		{9B7AEBDE-B59A-4D90-B33D-89ECEB82AE73}.Debug|Any CPU.Build.0 = Debug|Any CPU
		{9B7AEBDE-B59A-4D90-B33D-89ECEB82AE73}.Debug|ARM.ActiveCfg = Debug|Any CPU
		{9B7AEBDE-B59A-4D90-B33D-89ECEB82AE73}.Debug|ARM.Build.0 = Debug|Any CPU
		{9B7AEBDE-B59A-4D90-B33D-89ECEB82AE73}.Debug|ARM64.ActiveCfg = Debug|Any CPU
		{9B7AEBDE-B59A-4D90-B33D-89ECEB82AE73}.Debug|ARM64.Build.0 = Debug|Any CPU
		{9B7AEBDE-B59A-4D90-B33D-89ECEB82AE73}.Debug|iPhone.ActiveCfg = Debug|Any CPU
		{9B7AEBDE-B59A-4D90-B33D-89ECEB82AE73}.Debug|iPhone.Build.0 = Debug|Any CPU
		{9B7AEBDE-B59A-4D90-B33D-89ECEB82AE73}.Debug|iPhoneSimulator.ActiveCfg = Debug|Any CPU
		{9B7AEBDE-B59A-4D90-B33D-89ECEB82AE73}.Debug|iPhoneSimulator.Build.0 = Debug|Any CPU
		{9B7AEBDE-B59A-4D90-B33D-89ECEB82AE73}.Debug|x64.ActiveCfg = Debug|Any CPU
		{9B7AEBDE-B59A-4D90-B33D-89ECEB82AE73}.Debug|x64.Build.0 = Debug|Any CPU
		{9B7AEBDE-B59A-4D90-B33D-89ECEB82AE73}.Debug|x86.ActiveCfg = Debug|Any CPU
		{9B7AEBDE-B59A-4D90-B33D-89ECEB82AE73}.Debug|x86.Build.0 = Debug|Any CPU
		{9B7AEBDE-B59A-4D90-B33D-89ECEB82AE73}.Release|Any CPU.ActiveCfg = Release|Any CPU
		{9B7AEBDE-B59A-4D90-B33D-89ECEB82AE73}.Release|Any CPU.Build.0 = Release|Any CPU
		{9B7AEBDE-B59A-4D90-B33D-89ECEB82AE73}.Release|ARM.ActiveCfg = Release|Any CPU
		{9B7AEBDE-B59A-4D90-B33D-89ECEB82AE73}.Release|ARM.Build.0 = Release|Any CPU
		{9B7AEBDE-B59A-4D90-B33D-89ECEB82AE73}.Release|ARM64.ActiveCfg = Release|Any CPU
		{9B7AEBDE-B59A-4D90-B33D-89ECEB82AE73}.Release|ARM64.Build.0 = Release|Any CPU
		{9B7AEBDE-B59A-4D90-B33D-89ECEB82AE73}.Release|iPhone.ActiveCfg = Release|Any CPU
		{9B7AEBDE-B59A-4D90-B33D-89ECEB82AE73}.Release|iPhone.Build.0 = Release|Any CPU
		{9B7AEBDE-B59A-4D90-B33D-89ECEB82AE73}.Release|iPhoneSimulator.ActiveCfg = Release|Any CPU
		{9B7AEBDE-B59A-4D90-B33D-89ECEB82AE73}.Release|iPhoneSimulator.Build.0 = Release|Any CPU
		{9B7AEBDE-B59A-4D90-B33D-89ECEB82AE73}.Release|x64.ActiveCfg = Release|Any CPU
		{9B7AEBDE-B59A-4D90-B33D-89ECEB82AE73}.Release|x64.Build.0 = Release|Any CPU
		{9B7AEBDE-B59A-4D90-B33D-89ECEB82AE73}.Release|x86.ActiveCfg = Release|Any CPU
		{9B7AEBDE-B59A-4D90-B33D-89ECEB82AE73}.Release|x86.Build.0 = Release|Any CPU
		{BD6EDBF0-04B2-40F2-B159-FB973AAF6B8B}.Ad-Hoc|Any CPU.ActiveCfg = Debug|Any CPU
		{BD6EDBF0-04B2-40F2-B159-FB973AAF6B8B}.Ad-Hoc|Any CPU.Build.0 = Debug|Any CPU
		{BD6EDBF0-04B2-40F2-B159-FB973AAF6B8B}.Ad-Hoc|ARM.ActiveCfg = Debug|Any CPU
		{BD6EDBF0-04B2-40F2-B159-FB973AAF6B8B}.Ad-Hoc|ARM.Build.0 = Debug|Any CPU
		{BD6EDBF0-04B2-40F2-B159-FB973AAF6B8B}.Ad-Hoc|ARM64.ActiveCfg = Debug|Any CPU
		{BD6EDBF0-04B2-40F2-B159-FB973AAF6B8B}.Ad-Hoc|ARM64.Build.0 = Debug|Any CPU
		{BD6EDBF0-04B2-40F2-B159-FB973AAF6B8B}.Ad-Hoc|iPhone.ActiveCfg = Debug|Any CPU
		{BD6EDBF0-04B2-40F2-B159-FB973AAF6B8B}.Ad-Hoc|iPhone.Build.0 = Debug|Any CPU
		{BD6EDBF0-04B2-40F2-B159-FB973AAF6B8B}.Ad-Hoc|iPhoneSimulator.ActiveCfg = Debug|Any CPU
		{BD6EDBF0-04B2-40F2-B159-FB973AAF6B8B}.Ad-Hoc|iPhoneSimulator.Build.0 = Debug|Any CPU
		{BD6EDBF0-04B2-40F2-B159-FB973AAF6B8B}.Ad-Hoc|x64.ActiveCfg = Debug|Any CPU
		{BD6EDBF0-04B2-40F2-B159-FB973AAF6B8B}.Ad-Hoc|x64.Build.0 = Debug|Any CPU
		{BD6EDBF0-04B2-40F2-B159-FB973AAF6B8B}.Ad-Hoc|x86.ActiveCfg = Debug|Any CPU
		{BD6EDBF0-04B2-40F2-B159-FB973AAF6B8B}.Ad-Hoc|x86.Build.0 = Debug|Any CPU
		{BD6EDBF0-04B2-40F2-B159-FB973AAF6B8B}.AppStore|Any CPU.ActiveCfg = Debug|Any CPU
		{BD6EDBF0-04B2-40F2-B159-FB973AAF6B8B}.AppStore|Any CPU.Build.0 = Debug|Any CPU
		{BD6EDBF0-04B2-40F2-B159-FB973AAF6B8B}.AppStore|ARM.ActiveCfg = Debug|Any CPU
		{BD6EDBF0-04B2-40F2-B159-FB973AAF6B8B}.AppStore|ARM.Build.0 = Debug|Any CPU
		{BD6EDBF0-04B2-40F2-B159-FB973AAF6B8B}.AppStore|ARM64.ActiveCfg = Debug|Any CPU
		{BD6EDBF0-04B2-40F2-B159-FB973AAF6B8B}.AppStore|ARM64.Build.0 = Debug|Any CPU
		{BD6EDBF0-04B2-40F2-B159-FB973AAF6B8B}.AppStore|iPhone.ActiveCfg = Debug|Any CPU
		{BD6EDBF0-04B2-40F2-B159-FB973AAF6B8B}.AppStore|iPhone.Build.0 = Debug|Any CPU
		{BD6EDBF0-04B2-40F2-B159-FB973AAF6B8B}.AppStore|iPhoneSimulator.ActiveCfg = Debug|Any CPU
		{BD6EDBF0-04B2-40F2-B159-FB973AAF6B8B}.AppStore|iPhoneSimulator.Build.0 = Debug|Any CPU
		{BD6EDBF0-04B2-40F2-B159-FB973AAF6B8B}.AppStore|x64.ActiveCfg = Debug|Any CPU
		{BD6EDBF0-04B2-40F2-B159-FB973AAF6B8B}.AppStore|x64.Build.0 = Debug|Any CPU
		{BD6EDBF0-04B2-40F2-B159-FB973AAF6B8B}.AppStore|x86.ActiveCfg = Debug|Any CPU
		{BD6EDBF0-04B2-40F2-B159-FB973AAF6B8B}.AppStore|x86.Build.0 = Debug|Any CPU
		{BD6EDBF0-04B2-40F2-B159-FB973AAF6B8B}.Debug|Any CPU.ActiveCfg = Debug|Any CPU
		{BD6EDBF0-04B2-40F2-B159-FB973AAF6B8B}.Debug|Any CPU.Build.0 = Debug|Any CPU
		{BD6EDBF0-04B2-40F2-B159-FB973AAF6B8B}.Debug|ARM.ActiveCfg = Debug|Any CPU
		{BD6EDBF0-04B2-40F2-B159-FB973AAF6B8B}.Debug|ARM.Build.0 = Debug|Any CPU
		{BD6EDBF0-04B2-40F2-B159-FB973AAF6B8B}.Debug|ARM64.ActiveCfg = Debug|Any CPU
		{BD6EDBF0-04B2-40F2-B159-FB973AAF6B8B}.Debug|ARM64.Build.0 = Debug|Any CPU
		{BD6EDBF0-04B2-40F2-B159-FB973AAF6B8B}.Debug|iPhone.ActiveCfg = Debug|Any CPU
		{BD6EDBF0-04B2-40F2-B159-FB973AAF6B8B}.Debug|iPhone.Build.0 = Debug|Any CPU
		{BD6EDBF0-04B2-40F2-B159-FB973AAF6B8B}.Debug|iPhoneSimulator.ActiveCfg = Debug|Any CPU
		{BD6EDBF0-04B2-40F2-B159-FB973AAF6B8B}.Debug|iPhoneSimulator.Build.0 = Debug|Any CPU
		{BD6EDBF0-04B2-40F2-B159-FB973AAF6B8B}.Debug|x64.ActiveCfg = Debug|Any CPU
		{BD6EDBF0-04B2-40F2-B159-FB973AAF6B8B}.Debug|x64.Build.0 = Debug|Any CPU
		{BD6EDBF0-04B2-40F2-B159-FB973AAF6B8B}.Debug|x86.ActiveCfg = Debug|Any CPU
		{BD6EDBF0-04B2-40F2-B159-FB973AAF6B8B}.Debug|x86.Build.0 = Debug|Any CPU
		{BD6EDBF0-04B2-40F2-B159-FB973AAF6B8B}.Release|Any CPU.ActiveCfg = Release|Any CPU
		{BD6EDBF0-04B2-40F2-B159-FB973AAF6B8B}.Release|Any CPU.Build.0 = Release|Any CPU
		{BD6EDBF0-04B2-40F2-B159-FB973AAF6B8B}.Release|ARM.ActiveCfg = Release|Any CPU
		{BD6EDBF0-04B2-40F2-B159-FB973AAF6B8B}.Release|ARM.Build.0 = Release|Any CPU
		{BD6EDBF0-04B2-40F2-B159-FB973AAF6B8B}.Release|ARM64.ActiveCfg = Release|Any CPU
		{BD6EDBF0-04B2-40F2-B159-FB973AAF6B8B}.Release|ARM64.Build.0 = Release|Any CPU
		{BD6EDBF0-04B2-40F2-B159-FB973AAF6B8B}.Release|iPhone.ActiveCfg = Release|Any CPU
		{BD6EDBF0-04B2-40F2-B159-FB973AAF6B8B}.Release|iPhone.Build.0 = Release|Any CPU
		{BD6EDBF0-04B2-40F2-B159-FB973AAF6B8B}.Release|iPhoneSimulator.ActiveCfg = Release|Any CPU
		{BD6EDBF0-04B2-40F2-B159-FB973AAF6B8B}.Release|iPhoneSimulator.Build.0 = Release|Any CPU
		{BD6EDBF0-04B2-40F2-B159-FB973AAF6B8B}.Release|x64.ActiveCfg = Release|Any CPU
		{BD6EDBF0-04B2-40F2-B159-FB973AAF6B8B}.Release|x64.Build.0 = Release|Any CPU
		{BD6EDBF0-04B2-40F2-B159-FB973AAF6B8B}.Release|x86.ActiveCfg = Release|Any CPU
		{BD6EDBF0-04B2-40F2-B159-FB973AAF6B8B}.Release|x86.Build.0 = Release|Any CPU
		{B6A4348C-627F-48CA-A9A7-FE1BCABDAD20}.Ad-Hoc|Any CPU.ActiveCfg = Debug|Any CPU
		{B6A4348C-627F-48CA-A9A7-FE1BCABDAD20}.Ad-Hoc|Any CPU.Build.0 = Debug|Any CPU
		{B6A4348C-627F-48CA-A9A7-FE1BCABDAD20}.Ad-Hoc|ARM.ActiveCfg = Debug|Any CPU
		{B6A4348C-627F-48CA-A9A7-FE1BCABDAD20}.Ad-Hoc|ARM.Build.0 = Debug|Any CPU
		{B6A4348C-627F-48CA-A9A7-FE1BCABDAD20}.Ad-Hoc|ARM64.ActiveCfg = Debug|Any CPU
		{B6A4348C-627F-48CA-A9A7-FE1BCABDAD20}.Ad-Hoc|ARM64.Build.0 = Debug|Any CPU
		{B6A4348C-627F-48CA-A9A7-FE1BCABDAD20}.Ad-Hoc|iPhone.ActiveCfg = Debug|Any CPU
		{B6A4348C-627F-48CA-A9A7-FE1BCABDAD20}.Ad-Hoc|iPhone.Build.0 = Debug|Any CPU
		{B6A4348C-627F-48CA-A9A7-FE1BCABDAD20}.Ad-Hoc|iPhoneSimulator.ActiveCfg = Debug|Any CPU
		{B6A4348C-627F-48CA-A9A7-FE1BCABDAD20}.Ad-Hoc|iPhoneSimulator.Build.0 = Debug|Any CPU
		{B6A4348C-627F-48CA-A9A7-FE1BCABDAD20}.Ad-Hoc|x64.ActiveCfg = Debug|Any CPU
		{B6A4348C-627F-48CA-A9A7-FE1BCABDAD20}.Ad-Hoc|x64.Build.0 = Debug|Any CPU
		{B6A4348C-627F-48CA-A9A7-FE1BCABDAD20}.Ad-Hoc|x86.ActiveCfg = Debug|Any CPU
		{B6A4348C-627F-48CA-A9A7-FE1BCABDAD20}.Ad-Hoc|x86.Build.0 = Debug|Any CPU
		{B6A4348C-627F-48CA-A9A7-FE1BCABDAD20}.AppStore|Any CPU.ActiveCfg = Debug|Any CPU
		{B6A4348C-627F-48CA-A9A7-FE1BCABDAD20}.AppStore|Any CPU.Build.0 = Debug|Any CPU
		{B6A4348C-627F-48CA-A9A7-FE1BCABDAD20}.AppStore|ARM.ActiveCfg = Debug|Any CPU
		{B6A4348C-627F-48CA-A9A7-FE1BCABDAD20}.AppStore|ARM.Build.0 = Debug|Any CPU
		{B6A4348C-627F-48CA-A9A7-FE1BCABDAD20}.AppStore|ARM64.ActiveCfg = Debug|Any CPU
		{B6A4348C-627F-48CA-A9A7-FE1BCABDAD20}.AppStore|ARM64.Build.0 = Debug|Any CPU
		{B6A4348C-627F-48CA-A9A7-FE1BCABDAD20}.AppStore|iPhone.ActiveCfg = Debug|Any CPU
		{B6A4348C-627F-48CA-A9A7-FE1BCABDAD20}.AppStore|iPhone.Build.0 = Debug|Any CPU
		{B6A4348C-627F-48CA-A9A7-FE1BCABDAD20}.AppStore|iPhoneSimulator.ActiveCfg = Debug|Any CPU
		{B6A4348C-627F-48CA-A9A7-FE1BCABDAD20}.AppStore|iPhoneSimulator.Build.0 = Debug|Any CPU
		{B6A4348C-627F-48CA-A9A7-FE1BCABDAD20}.AppStore|x64.ActiveCfg = Debug|Any CPU
		{B6A4348C-627F-48CA-A9A7-FE1BCABDAD20}.AppStore|x64.Build.0 = Debug|Any CPU
		{B6A4348C-627F-48CA-A9A7-FE1BCABDAD20}.AppStore|x86.ActiveCfg = Debug|Any CPU
		{B6A4348C-627F-48CA-A9A7-FE1BCABDAD20}.AppStore|x86.Build.0 = Debug|Any CPU
		{B6A4348C-627F-48CA-A9A7-FE1BCABDAD20}.Debug|Any CPU.ActiveCfg = Debug|Any CPU
		{B6A4348C-627F-48CA-A9A7-FE1BCABDAD20}.Debug|Any CPU.Build.0 = Debug|Any CPU
		{B6A4348C-627F-48CA-A9A7-FE1BCABDAD20}.Debug|ARM.ActiveCfg = Debug|Any CPU
		{B6A4348C-627F-48CA-A9A7-FE1BCABDAD20}.Debug|ARM.Build.0 = Debug|Any CPU
		{B6A4348C-627F-48CA-A9A7-FE1BCABDAD20}.Debug|ARM64.ActiveCfg = Debug|Any CPU
		{B6A4348C-627F-48CA-A9A7-FE1BCABDAD20}.Debug|ARM64.Build.0 = Debug|Any CPU
		{B6A4348C-627F-48CA-A9A7-FE1BCABDAD20}.Debug|iPhone.ActiveCfg = Debug|Any CPU
		{B6A4348C-627F-48CA-A9A7-FE1BCABDAD20}.Debug|iPhone.Build.0 = Debug|Any CPU
		{B6A4348C-627F-48CA-A9A7-FE1BCABDAD20}.Debug|iPhoneSimulator.ActiveCfg = Debug|Any CPU
		{B6A4348C-627F-48CA-A9A7-FE1BCABDAD20}.Debug|iPhoneSimulator.Build.0 = Debug|Any CPU
		{B6A4348C-627F-48CA-A9A7-FE1BCABDAD20}.Debug|x64.ActiveCfg = Debug|Any CPU
		{B6A4348C-627F-48CA-A9A7-FE1BCABDAD20}.Debug|x64.Build.0 = Debug|Any CPU
		{B6A4348C-627F-48CA-A9A7-FE1BCABDAD20}.Debug|x86.ActiveCfg = Debug|Any CPU
		{B6A4348C-627F-48CA-A9A7-FE1BCABDAD20}.Debug|x86.Build.0 = Debug|Any CPU
		{B6A4348C-627F-48CA-A9A7-FE1BCABDAD20}.Release|Any CPU.ActiveCfg = Release|Any CPU
		{B6A4348C-627F-48CA-A9A7-FE1BCABDAD20}.Release|Any CPU.Build.0 = Release|Any CPU
		{B6A4348C-627F-48CA-A9A7-FE1BCABDAD20}.Release|ARM.ActiveCfg = Release|Any CPU
		{B6A4348C-627F-48CA-A9A7-FE1BCABDAD20}.Release|ARM.Build.0 = Release|Any CPU
		{B6A4348C-627F-48CA-A9A7-FE1BCABDAD20}.Release|ARM64.ActiveCfg = Release|Any CPU
		{B6A4348C-627F-48CA-A9A7-FE1BCABDAD20}.Release|ARM64.Build.0 = Release|Any CPU
		{B6A4348C-627F-48CA-A9A7-FE1BCABDAD20}.Release|iPhone.ActiveCfg = Release|Any CPU
		{B6A4348C-627F-48CA-A9A7-FE1BCABDAD20}.Release|iPhone.Build.0 = Release|Any CPU
		{B6A4348C-627F-48CA-A9A7-FE1BCABDAD20}.Release|iPhoneSimulator.ActiveCfg = Release|Any CPU
		{B6A4348C-627F-48CA-A9A7-FE1BCABDAD20}.Release|iPhoneSimulator.Build.0 = Release|Any CPU
		{B6A4348C-627F-48CA-A9A7-FE1BCABDAD20}.Release|x64.ActiveCfg = Release|Any CPU
		{B6A4348C-627F-48CA-A9A7-FE1BCABDAD20}.Release|x64.Build.0 = Release|Any CPU
		{B6A4348C-627F-48CA-A9A7-FE1BCABDAD20}.Release|x86.ActiveCfg = Release|Any CPU
		{B6A4348C-627F-48CA-A9A7-FE1BCABDAD20}.Release|x86.Build.0 = Release|Any CPU
		{85EFF74C-76F4-4214-B6A0-AEDE9B4204F2}.Ad-Hoc|Any CPU.ActiveCfg = Debug|Any CPU
		{85EFF74C-76F4-4214-B6A0-AEDE9B4204F2}.Ad-Hoc|Any CPU.Build.0 = Debug|Any CPU
		{85EFF74C-76F4-4214-B6A0-AEDE9B4204F2}.Ad-Hoc|ARM.ActiveCfg = Debug|Any CPU
		{85EFF74C-76F4-4214-B6A0-AEDE9B4204F2}.Ad-Hoc|ARM.Build.0 = Debug|Any CPU
		{85EFF74C-76F4-4214-B6A0-AEDE9B4204F2}.Ad-Hoc|ARM64.ActiveCfg = Debug|Any CPU
		{85EFF74C-76F4-4214-B6A0-AEDE9B4204F2}.Ad-Hoc|ARM64.Build.0 = Debug|Any CPU
		{85EFF74C-76F4-4214-B6A0-AEDE9B4204F2}.Ad-Hoc|iPhone.ActiveCfg = Debug|Any CPU
		{85EFF74C-76F4-4214-B6A0-AEDE9B4204F2}.Ad-Hoc|iPhone.Build.0 = Debug|Any CPU
		{85EFF74C-76F4-4214-B6A0-AEDE9B4204F2}.Ad-Hoc|iPhoneSimulator.ActiveCfg = Debug|Any CPU
		{85EFF74C-76F4-4214-B6A0-AEDE9B4204F2}.Ad-Hoc|iPhoneSimulator.Build.0 = Debug|Any CPU
		{85EFF74C-76F4-4214-B6A0-AEDE9B4204F2}.Ad-Hoc|x64.ActiveCfg = Debug|Any CPU
		{85EFF74C-76F4-4214-B6A0-AEDE9B4204F2}.Ad-Hoc|x64.Build.0 = Debug|Any CPU
		{85EFF74C-76F4-4214-B6A0-AEDE9B4204F2}.Ad-Hoc|x86.ActiveCfg = Debug|Any CPU
		{85EFF74C-76F4-4214-B6A0-AEDE9B4204F2}.Ad-Hoc|x86.Build.0 = Debug|Any CPU
		{85EFF74C-76F4-4214-B6A0-AEDE9B4204F2}.AppStore|Any CPU.ActiveCfg = Debug|Any CPU
		{85EFF74C-76F4-4214-B6A0-AEDE9B4204F2}.AppStore|Any CPU.Build.0 = Debug|Any CPU
		{85EFF74C-76F4-4214-B6A0-AEDE9B4204F2}.AppStore|ARM.ActiveCfg = Debug|Any CPU
		{85EFF74C-76F4-4214-B6A0-AEDE9B4204F2}.AppStore|ARM.Build.0 = Debug|Any CPU
		{85EFF74C-76F4-4214-B6A0-AEDE9B4204F2}.AppStore|ARM64.ActiveCfg = Debug|Any CPU
		{85EFF74C-76F4-4214-B6A0-AEDE9B4204F2}.AppStore|ARM64.Build.0 = Debug|Any CPU
		{85EFF74C-76F4-4214-B6A0-AEDE9B4204F2}.AppStore|iPhone.ActiveCfg = Debug|Any CPU
		{85EFF74C-76F4-4214-B6A0-AEDE9B4204F2}.AppStore|iPhone.Build.0 = Debug|Any CPU
		{85EFF74C-76F4-4214-B6A0-AEDE9B4204F2}.AppStore|iPhoneSimulator.ActiveCfg = Debug|Any CPU
		{85EFF74C-76F4-4214-B6A0-AEDE9B4204F2}.AppStore|iPhoneSimulator.Build.0 = Debug|Any CPU
		{85EFF74C-76F4-4214-B6A0-AEDE9B4204F2}.AppStore|x64.ActiveCfg = Debug|Any CPU
		{85EFF74C-76F4-4214-B6A0-AEDE9B4204F2}.AppStore|x64.Build.0 = Debug|Any CPU
		{85EFF74C-76F4-4214-B6A0-AEDE9B4204F2}.AppStore|x86.ActiveCfg = Debug|Any CPU
		{85EFF74C-76F4-4214-B6A0-AEDE9B4204F2}.AppStore|x86.Build.0 = Debug|Any CPU
		{85EFF74C-76F4-4214-B6A0-AEDE9B4204F2}.Debug|Any CPU.ActiveCfg = Debug|Any CPU
		{85EFF74C-76F4-4214-B6A0-AEDE9B4204F2}.Debug|Any CPU.Build.0 = Debug|Any CPU
		{85EFF74C-76F4-4214-B6A0-AEDE9B4204F2}.Debug|ARM.ActiveCfg = Debug|Any CPU
		{85EFF74C-76F4-4214-B6A0-AEDE9B4204F2}.Debug|ARM.Build.0 = Debug|Any CPU
		{85EFF74C-76F4-4214-B6A0-AEDE9B4204F2}.Debug|ARM64.ActiveCfg = Debug|Any CPU
		{85EFF74C-76F4-4214-B6A0-AEDE9B4204F2}.Debug|ARM64.Build.0 = Debug|Any CPU
		{85EFF74C-76F4-4214-B6A0-AEDE9B4204F2}.Debug|iPhone.ActiveCfg = Debug|Any CPU
		{85EFF74C-76F4-4214-B6A0-AEDE9B4204F2}.Debug|iPhone.Build.0 = Debug|Any CPU
		{85EFF74C-76F4-4214-B6A0-AEDE9B4204F2}.Debug|iPhoneSimulator.ActiveCfg = Debug|Any CPU
		{85EFF74C-76F4-4214-B6A0-AEDE9B4204F2}.Debug|iPhoneSimulator.Build.0 = Debug|Any CPU
		{85EFF74C-76F4-4214-B6A0-AEDE9B4204F2}.Debug|x64.ActiveCfg = Debug|Any CPU
		{85EFF74C-76F4-4214-B6A0-AEDE9B4204F2}.Debug|x64.Build.0 = Debug|Any CPU
		{85EFF74C-76F4-4214-B6A0-AEDE9B4204F2}.Debug|x86.ActiveCfg = Debug|Any CPU
		{85EFF74C-76F4-4214-B6A0-AEDE9B4204F2}.Debug|x86.Build.0 = Debug|Any CPU
		{85EFF74C-76F4-4214-B6A0-AEDE9B4204F2}.Release|Any CPU.ActiveCfg = Release|Any CPU
		{85EFF74C-76F4-4214-B6A0-AEDE9B4204F2}.Release|Any CPU.Build.0 = Release|Any CPU
		{85EFF74C-76F4-4214-B6A0-AEDE9B4204F2}.Release|ARM.ActiveCfg = Release|Any CPU
		{85EFF74C-76F4-4214-B6A0-AEDE9B4204F2}.Release|ARM.Build.0 = Release|Any CPU
		{85EFF74C-76F4-4214-B6A0-AEDE9B4204F2}.Release|ARM64.ActiveCfg = Release|Any CPU
		{85EFF74C-76F4-4214-B6A0-AEDE9B4204F2}.Release|ARM64.Build.0 = Release|Any CPU
		{85EFF74C-76F4-4214-B6A0-AEDE9B4204F2}.Release|iPhone.ActiveCfg = Release|Any CPU
		{85EFF74C-76F4-4214-B6A0-AEDE9B4204F2}.Release|iPhone.Build.0 = Release|Any CPU
		{85EFF74C-76F4-4214-B6A0-AEDE9B4204F2}.Release|iPhoneSimulator.ActiveCfg = Release|Any CPU
		{85EFF74C-76F4-4214-B6A0-AEDE9B4204F2}.Release|iPhoneSimulator.Build.0 = Release|Any CPU
		{85EFF74C-76F4-4214-B6A0-AEDE9B4204F2}.Release|x64.ActiveCfg = Release|Any CPU
		{85EFF74C-76F4-4214-B6A0-AEDE9B4204F2}.Release|x64.Build.0 = Release|Any CPU
		{85EFF74C-76F4-4214-B6A0-AEDE9B4204F2}.Release|x86.ActiveCfg = Release|Any CPU
		{85EFF74C-76F4-4214-B6A0-AEDE9B4204F2}.Release|x86.Build.0 = Release|Any CPU
	EndGlobalSection
	GlobalSection(SolutionProperties) = preSolution
		HideSolutionNode = FALSE
	EndGlobalSection
	GlobalSection(NestedProjects) = preSolution
		{70D1FFBA-1DDF-413D-90E2-F18ECAEDC272} = {9B90CE0D-C455-4B20-A356-E5E3535FE27F}
		{112FD5BF-3FC1-4242-9E12-B1A781AE5BA2} = {9B90CE0D-C455-4B20-A356-E5E3535FE27F}
		{B30733F0-FB09-4A16-B8E0-A531E0DBEDB5} = {9B90CE0D-C455-4B20-A356-E5E3535FE27F}
		{A87954CF-F0E7-44A6-B956-2A12E2C5B722} = {9B90CE0D-C455-4B20-A356-E5E3535FE27F}
		{5DBD2773-404B-43B1-85EF-F7EC7AA71DCB} = {9B90CE0D-C455-4B20-A356-E5E3535FE27F}
		{9B7AEBDE-B59A-4D90-B33D-89ECEB82AE73} = {9B90CE0D-C455-4B20-A356-E5E3535FE27F}
		{BD6EDBF0-04B2-40F2-B159-FB973AAF6B8B} = {9B90CE0D-C455-4B20-A356-E5E3535FE27F}
		{B6A4348C-627F-48CA-A9A7-FE1BCABDAD20} = {9B90CE0D-C455-4B20-A356-E5E3535FE27F}
		{85EFF74C-76F4-4214-B6A0-AEDE9B4204F2} = {9B90CE0D-C455-4B20-A356-E5E3535FE27F}
	EndGlobalSection
	GlobalSection(ExtensibilityGlobals) = postSolution
		SolutionGuid = {E59A1FA5-A81C-4294-A303-147CEBA8A46C}
	EndGlobalSection
EndGlobal
